
Microsoft Visual Studio Solution File, Format Version 12.00
# Visual Studio 15
Project("{FAE04EC0-301F-11D3-BF4B-00C04F79EFBC}") = "Fps", "Fps.csproj", "{15074A9C-0442-4D6D-89B5-765B580206B7}"
EndProject
Global
	GlobalSection(SolutionConfigurationPlatforms) = preSolution
		Debug|Any CPU = Debug|Any CPU
		Release|Any CPU = Release|Any CPU
		timing|Any CPU = timing|Any CPU
		Debug|x64 = Debug|x64
		Release|x64 = Release|x64
		timing|x64 = timing|x64
	EndGlobalSection
	GlobalSection(ProjectConfigurationPlatforms) = postSolution
		{15074A9C-0442-4D6D-89B5-765B580206B7}.Debug|Any CPU.ActiveCfg = Debug|Any CPU
		{15074A9C-0442-4D6D-89B5-765B580206B7}.Debug|Any CPU.Build.0 = Debug|Any CPU
		{15074A9C-0442-4D6D-89B5-765B580206B7}.Release|Any CPU.ActiveCfg = Release|Any CPU
		{15074A9C-0442-4D6D-89B5-765B580206B7}.Release|Any CPU.Build.0 = Release|Any CPU
		{15074A9C-0442-4D6D-89B5-765B580206B7}.timing|Any CPU.ActiveCfg = timing|Any CPU
		{15074A9C-0442-4D6D-89B5-765B580206B7}.timing|Any CPU.Build.0 = timing|Any CPU
		{15074A9C-0442-4D6D-89B5-765B580206B7}.Debug|x64.ActiveCfg = Debug|x64
		{15074A9C-0442-4D6D-89B5-765B580206B7}.Debug|x64.Build.0 = Debug|x64
		{15074A9C-0442-4D6D-89B5-765B580206B7}.Release|x64.ActiveCfg = Release|x64
		{15074A9C-0442-4D6D-89B5-765B580206B7}.Release|x64.Build.0 = Release|x64
		{15074A9C-0442-4D6D-89B5-765B580206B7}.timing|x64.ActiveCfg = timing|x64
		{15074A9C-0442-4D6D-89B5-765B580206B7}.timing|x64.Build.0 = timing|x64
	EndGlobalSection
EndGlobal
